
Microsoft Visual Studio Solution File, Format Version 12.00
# Visual Studio 15
VisualStudioVersion = 15.0.28307.489
MinimumVisualStudioVersion = 10.0.40219.1
Project("{FAE04EC0-301F-11D3-BF4B-00C04F79EFBC}") = "Video_master_p", "Video_master_p\Video_master_p.csproj", "{D2FC36CE-F821-466C-826F-B6E32004E7E9}"
EndProject
Project("{FAE04EC0-301F-11D3-BF4B-00C04F79EFBC}") = "Video_master_pTests", "Video_master_pTests\Video_master_pTests.csproj", "{083ED4AD-22C7-402D-BF17-2F746A59FBFD}"
EndProject
Global
	GlobalSection(SolutionConfigurationPlatforms) = preSolution
		Debug|Any CPU = Debug|Any CPU
		Release|Any CPU = Release|Any CPU
	EndGlobalSection
	GlobalSection(ProjectConfigurationPlatforms) = postSolution
		{D2FC36CE-F821-466C-826F-B6E32004E7E9}.Debug|Any CPU.ActiveCfg = Debug|Any CPU
		{D2FC36CE-F821-466C-826F-B6E32004E7E9}.Debug|Any CPU.Build.0 = Debug|Any CPU
		{D2FC36CE-F821-466C-826F-B6E32004E7E9}.Release|Any CPU.ActiveCfg = Release|Any CPU
		{D2FC36CE-F821-466C-826F-B6E32004E7E9}.Release|Any CPU.Build.0 = Release|Any CPU
		{083ED4AD-22C7-402D-BF17-2F746A59FBFD}.Debug|Any CPU.ActiveCfg = Debug|Any CPU
		{083ED4AD-22C7-402D-BF17-2F746A59FBFD}.Debug|Any CPU.Build.0 = Debug|Any CPU
		{083ED4AD-22C7-402D-BF17-2F746A59FBFD}.Release|Any CPU.ActiveCfg = Release|Any CPU
		{083ED4AD-22C7-402D-BF17-2F746A59FBFD}.Release|Any CPU.Build.0 = Release|Any CPU
	EndGlobalSection
	GlobalSection(SolutionProperties) = preSolution
		HideSolutionNode = FALSE
	EndGlobalSection
	GlobalSection(ExtensibilityGlobals) = postSolution
		SolutionGuid = {C1CD6074-5324-430F-86EF-0374C15C3592}
	EndGlobalSection
EndGlobal
